
Microsoft Visual Studio Solution File, Format Version 12.00
# Visual Studio 14
VisualStudioVersion = 14.0.25420.1
MinimumVisualStudioVersion = 10.0.40219.1
Project("{8BC9CEB8-8B4A-11D0-8D11-00A0C91BC942}") = "Server", "Server\Server.vcxproj", "{0FBA3948-6EEA-4A2D-B4F4-6FBA99C101B1}"
EndProject
Project("{8BC9CEB8-8B4A-11D0-8D11-00A0C91BC942}") = "Client", "Client\Client.vcxproj", "{E17D1164-44EA-4587-906D-7C374632A6BF}"
EndProject
Global
	GlobalSection(SolutionConfigurationPlatforms) = preSolution
		Debug|x64 = Debug|x64
		Debug|x86 = Debug|x86
		Release|x64 = Release|x64
		Release|x86 = Release|x86
	EndGlobalSection
	GlobalSection(ProjectConfigurationPlatforms) = postSolution
		{0FBA3948-6EEA-4A2D-B4F4-6FBA99C101B1}.Debug|x64.ActiveCfg = Debug|x64
		{0FBA3948-6EEA-4A2D-B4F4-6FBA99C101B1}.Debug|x64.Build.0 = Debug|x64
		{0FBA3948-6EEA-4A2D-B4F4-6FBA99C101B1}.Debug|x86.ActiveCfg = Debug|Win32
		{0FBA3948-6EEA-4A2D-B4F4-6FBA99C101B1}.Debug|x86.Build.0 = Debug|Win32
		{0FBA3948-6EEA-4A2D-B4F4-6FBA99C101B1}.Release|x64.ActiveCfg = Release|x64
		{0FBA3948-6EEA-4A2D-B4F4-6FBA99C101B1}.Release|x64.Build.0 = Release|x64
		{0FBA3948-6EEA-4A2D-B4F4-6FBA99C101B1}.Release|x86.ActiveCfg = Release|Win32
		{0FBA3948-6EEA-4A2D-B4F4-6FBA99C101B1}.Release|x86.Build.0 = Release|Win32
		{E17D1164-44EA-4587-906D-7C374632A6BF}.Debug|x64.ActiveCfg = Debug|x64
		{E17D1164-44EA-4587-906D-7C374632A6BF}.Debug|x64.Build.0 = Debug|x64
		{E17D1164-44EA-4587-906D-7C374632A6BF}.Debug|x86.ActiveCfg = Debug|Win32
		{E17D1164-44EA-4587-906D-7C374632A6BF}.Debug|x86.Build.0 = Debug|Win32
		{E17D1164-44EA-4587-906D-7C374632A6BF}.Release|x64.ActiveCfg = Release|x64
		{E17D1164-44EA-4587-906D-7C374632A6BF}.Release|x64.Build.0 = Release|x64
		{E17D1164-44EA-4587-906D-7C374632A6BF}.Release|x86.ActiveCfg = Release|Win32
		{E17D1164-44EA-4587-906D-7C374632A6BF}.Release|x86.Build.0 = Release|Win32
	EndGlobalSection
	GlobalSection(SolutionProperties) = preSolution
		HideSolutionNode = FALSE
	EndGlobalSection
EndGlobal
